
Microsoft Visual Studio Solution File, Format Version 12.00
# Visual Studio Version 16
VisualStudioVersion = 16.0.31729.503
MinimumVisualStudioVersion = 10.0.40219.1
Project("{FAE04EC0-301F-11D3-BF4B-00C04F79EFBC}") = "Assembly-Browser", "Assembly-Browser\Assembly-Browser.csproj", "{6A654F5C-FCBF-4AC2-A8A9-0592C13BB7C6}"
EndProject
Project("{FAE04EC0-301F-11D3-BF4B-00C04F79EFBC}") = "Assembly-Analyzer", "Assembly-Analyzer\Assembly-Analyzer.csproj", "{DD618AAE-AF0A-433E-AD88-F8F8ACE1ACF6}"
EndProject
Global
	GlobalSection(SolutionConfigurationPlatforms) = preSolution
		Debug|Any CPU = Debug|Any CPU
		Release|Any CPU = Release|Any CPU
	EndGlobalSection
	GlobalSection(ProjectConfigurationPlatforms) = postSolution
		{6A654F5C-FCBF-4AC2-A8A9-0592C13BB7C6}.Debug|Any CPU.ActiveCfg = Debug|Any CPU
		{6A654F5C-FCBF-4AC2-A8A9-0592C13BB7C6}.Debug|Any CPU.Build.0 = Debug|Any CPU
		{6A654F5C-FCBF-4AC2-A8A9-0592C13BB7C6}.Release|Any CPU.ActiveCfg = Release|Any CPU
		{6A654F5C-FCBF-4AC2-A8A9-0592C13BB7C6}.Release|Any CPU.Build.0 = Release|Any CPU
		{DD618AAE-AF0A-433E-AD88-F8F8ACE1ACF6}.Debug|Any CPU.ActiveCfg = Debug|Any CPU
		{DD618AAE-AF0A-433E-AD88-F8F8ACE1ACF6}.Debug|Any CPU.Build.0 = Debug|Any CPU
		{DD618AAE-AF0A-433E-AD88-F8F8ACE1ACF6}.Release|Any CPU.ActiveCfg = Release|Any CPU
		{DD618AAE-AF0A-433E-AD88-F8F8ACE1ACF6}.Release|Any CPU.Build.0 = Release|Any CPU
	EndGlobalSection
	GlobalSection(SolutionProperties) = preSolution
		HideSolutionNode = FALSE
	EndGlobalSection
	GlobalSection(ExtensibilityGlobals) = postSolution
		SolutionGuid = {673EE1E7-3A75-4F36-86D7-F588C5AE8468}
	EndGlobalSection
EndGlobal
